github.com/reiver/go-cast v0.0.0-20220716221226-5360a56d42f4 h1:7I6dRunKVXFjlO2OnYUcIaF4831y847o4xAdphrJ9ng=
github.com/reiver/go-cast v0.0.0-20220716221226-5360a56d42f4/go.mod h1:iU2DntJWteNmgCu96FnUH5qLMfmOCRhzoCDfmhyjSCM=
github.com/reiver/go-fck v0.0.1 h1:GhOiIp/4Au3iPUVC1YRfJJS5CdvLDNF9qt/n1lwgWnM=
github.com/reiver/go-fck v0.0.1/go.mod h1:i77J0nD9GkSF0osPcURZbv9u19F0keF/mrhkgIu9wvM=
